
Microsoft Visual Studio Solution File, Format Version 12.00
# Visual Studio Version 16
VisualStudioVersion = 16.0.32002.261
MinimumVisualStudioVersion = 10.0.40219.1
Project("{9A19103F-16F7-4668-BE54-9A1E7A4F7556}") = "Policy Microservice", "Policy Microservice\Policy Microservice.csproj", "{D426CE61-6191-4988-BE51-769D8AA08037}"
EndProject
Project("{9A19103F-16F7-4668-BE54-9A1E7A4F7556}") = "PolicyUnitTest1", "PolicyUnitTest\PolicyUnitTest\PolicyUnitTest1.csproj", "{A000206A-8DA1-41CF-9646-5AEB11A92F0D}"
EndProject
Global
	GlobalSection(SolutionConfigurationPlatforms) = preSolution
		Debug|Any CPU = Debug|Any CPU
		Release|Any CPU = Release|Any CPU
	EndGlobalSection
	GlobalSection(ProjectConfigurationPlatforms) = postSolution
		{D426CE61-6191-4988-BE51-769D8AA08037}.Debug|Any CPU.ActiveCfg = Debug|Any CPU
		{D426CE61-6191-4988-BE51-769D8AA08037}.Debug|Any CPU.Build.0 = Debug|Any CPU
		{D426CE61-6191-4988-BE51-769D8AA08037}.Release|Any CPU.ActiveCfg = Release|Any CPU
		{D426CE61-6191-4988-BE51-769D8AA08037}.Release|Any CPU.Build.0 = Release|Any CPU
		{A000206A-8DA1-41CF-9646-5AEB11A92F0D}.Debug|Any CPU.ActiveCfg = Debug|Any CPU
		{A000206A-8DA1-41CF-9646-5AEB11A92F0D}.Debug|Any CPU.Build.0 = Debug|Any CPU
		{A000206A-8DA1-41CF-9646-5AEB11A92F0D}.Release|Any CPU.ActiveCfg = Release|Any CPU
		{A000206A-8DA1-41CF-9646-5AEB11A92F0D}.Release|Any CPU.Build.0 = Release|Any CPU
	EndGlobalSection
	GlobalSection(SolutionProperties) = preSolution
		HideSolutionNode = FALSE
	EndGlobalSection
	GlobalSection(ExtensibilityGlobals) = postSolution
		SolutionGuid = {B375A093-FB2D-4F19-802B-B1123174479B}
	EndGlobalSection
EndGlobal
